// !$*UTF8*$!
{
	archiveVersion = 1;
	classes = {
	};
	objectVersion = 50;
	objects = {

/* Begin PBXBuildFile section */
		84A652A8269F327400432EFB /* AppDelegate.swift in Sources */ = {isa = PBXBuildFile; fileRef = 84A652A7269F327400432EFB /* AppDelegate.swift */; };
		84A652B1269F327700432EFB /* Assets.xcassets in Resources */ = {isa = PBXBuildFile; fileRef = 84A652B0269F327700432EFB /* Assets.xcassets */; };
		84A652B4269F327700432EFB /* LaunchScreen.storyboard in Resources */ = {isa = PBXBuildFile; fileRef = 84A652B2269F327700432EFB /* LaunchScreen.storyboard */; };
		84A652C2269F328A00432EFB /* MVPTests.swift in Sources */ = {isa = PBXBuildFile; fileRef = 84A652C1269F328A00432EFB /* MVPTests.swift */; };
		84A652CA269F32B200432EFB /* TaskTests.swift in Sources */ = {isa = PBXBuildFile; fileRef = 84A652C9269F32B200432EFB /* TaskTests.swift */; };
		84A652CC269F337500432EFB /* Task.swift in Sources */ = {isa = PBXBuildFile; fileRef = 84A652CB269F337500432EFB /* Task.swift */; };
		84A652D3269F3EB300432EFB /* ToDoListTableViewController.swift in Sources */ = {isa = PBXBuildFile; fileRef = 84A652D2269F3EB300432EFB /* ToDoListTableViewController.swift */; };
		84F0D55726A2BB1D00AE1B4C /* TaskCell.swift in Sources */ = {isa = PBXBuildFile; fileRef = 84F0D55626A2BB1D00AE1B4C /* TaskCell.swift */; };
		84F0D55926A2DF6600AE1B4C /* TaskViewController.swift in Sources */ = {isa = PBXBuildFile; fileRef = 84F0D55826A2DF6600AE1B4C /* TaskViewController.swift */; };
/* End PBXBuildFile section */

/* Begin PBXContainerItemProxy section */
		84A652C4269F328A00432EFB /* PBXContainerItemProxy */ = {
			isa = PBXContainerItemProxy;
			containerPortal = 84A6529C269F327400432EFB /* Project object */;
			proxyType = 1;
			remoteGlobalIDString = 84A652A3269F327400432EFB;
			remoteInfo = MVP;
		};
/* End PBXContainerItemProxy section */

/* Begin PBXFileReference section */
		84A652A4269F327400432EFB /* MVP.app */ = {isa = PBXFileReference; explicitFileType = wrapper.application; includeInIndex = 0; path = MVP.app; sourceTree = BUILT_PRODUCTS_DIR; };
		84A652A7269F327400432EFB /* AppDelegate.swift */ = {isa = PBXFileReference; lastKnownFileType = sourcecode.swift; path = AppDelegate.swift; sourceTree = "<group>"; };
		84A652B0269F327700432EFB /* Assets.xcassets */ = {isa = PBXFileReference; lastKnownFileType = folder.assetcatalog; path = Assets.xcassets; sourceTree = "<group>"; };
		84A652B3269F327700432EFB /* Base */ = {isa = PBXFileReference; lastKnownFileType = file.storyboard; name = Base; path = Base.lproj/LaunchScreen.storyboard; sourceTree = "<group>"; };
		84A652B5269F327700432EFB /* Info.plist */ = {isa = PBXFileReference; lastKnownFileType = text.plist.xml; path = Info.plist; sourceTree = "<group>"; };
		84A652BF269F328A00432EFB /* MVPTests.xctest */ = {isa = PBXFileReference; explicitFileType = wrapper.cfbundle; includeInIndex = 0; path = MVPTests.xctest; sourceTree = BUILT_PRODUCTS_DIR; };
		84A652C1269F328A00432EFB /* MVPTests.swift */ = {isa = PBXFileReference; lastKnownFileType = sourcecode.swift; path = MVPTests.swift; sourceTree = "<group>"; };
		84A652C3269F328A00432EFB /* Info.plist */ = {isa = PBXFileReference; lastKnownFileType = text.plist.xml; path = Info.plist; sourceTree = "<group>"; };
		84A652C9269F32B200432EFB /* TaskTests.swift */ = {isa = PBXFileReference; lastKnownFileType = sourcecode.swift; path = TaskTests.swift; sourceTree = "<group>"; };
		84A652CB269F337500432EFB /* Task.swift */ = {isa = PBXFileReference; lastKnownFileType = sourcecode.swift; path = Task.swift; sourceTree = "<group>"; };
		84A652D2269F3EB300432EFB /* ToDoListTableViewController.swift */ = {isa = PBXFileReference; lastKnownFileType = sourcecode.swift; path = ToDoListTableViewController.swift; sourceTree = "<group>"; };
		84F0D55626A2BB1D00AE1B4C /* TaskCell.swift */ = {isa = PBXFileReference; lastKnownFileType = sourcecode.swift; path = TaskCell.swift; sourceTree = "<group>"; };
		84F0D55826A2DF6600AE1B4C /* TaskViewController.swift */ = {isa = PBXFileReference; lastKnownFileType = sourcecode.swift; path = TaskViewController.swift; sourceTree = "<group>"; };
/* End PBXFileReference section */

/* Begin PBXFrameworksBuildPhase section */
		84A652A1269F327400432EFB /* Frameworks */ = {
			isa = PBXFrameworksBuildPhase;
			buildActionMask = 2147483647;
			files = (
			);
			runOnlyForDeploymentPostprocessing = 0;
		};
		84A652BC269F328A00432EFB /* Frameworks */ = {
			isa = PBXFrameworksBuildPhase;
			buildActionMask = 2147483647;
			files = (
			);
			runOnlyForDeploymentPostprocessing = 0;
		};
/* End PBXFrameworksBuildPhase section */

/* Begin PBXGroup section */
		84A6529B269F327400432EFB = {
			isa = PBXGroup;
			children = (
				84A652A6269F327400432EFB /* MVP */,
				84A652C0269F328A00432EFB /* MVPTests */,
				84A652A5269F327400432EFB /* Products */,
			);
			sourceTree = "<group>";
		};
		84A652A5269F327400432EFB /* Products */ = {
			isa = PBXGroup;
			children = (
				84A652A4269F327400432EFB /* MVP.app */,
				84A652BF269F328A00432EFB /* MVPTests.xctest */,
			);
			name = Products;
			sourceTree = "<group>";
		};
		84A652A6269F327400432EFB /* MVP */ = {
			isa = PBXGroup;
			children = (
				84A652A7269F327400432EFB /* AppDelegate.swift */,
				84A652CD269F337A00432EFB /* Models */,
				84A652D4269F3EB900432EFB /* Views */,
				84A652B0269F327700432EFB /* Assets.xcassets */,
				84A652B2269F327700432EFB /* LaunchScreen.storyboard */,
				84A652B5269F327700432EFB /* Info.plist */,
			);
			path = MVP;
			sourceTree = "<group>";
		};
		84A652C0269F328A00432EFB /* MVPTests */ = {
			isa = PBXGroup;
			children = (
				84A652C1269F328A00432EFB /* MVPTests.swift */,
				84A652C3269F328A00432EFB /* Info.plist */,
				84A652CE269F377B00432EFB /* Models */,
			);
			path = MVPTests;
			sourceTree = "<group>";
		};
		84A652CD269F337A00432EFB /* Models */ = {
			isa = PBXGroup;
			children = (
				84A652CB269F337500432EFB /* Task.swift */,
			);
			path = Models;
			sourceTree = "<group>";
		};
		84A652CE269F377B00432EFB /* Models */ = {
			isa = PBXGroup;
			children = (
				84A652C9269F32B200432EFB /* TaskTests.swift */,
			);
			path = Models;
			sourceTree = "<group>";
		};
		84A652D4269F3EB900432EFB /* Views */ = {
			isa = PBXGroup;
			children = (
				84A652D2269F3EB300432EFB /* ToDoListTableViewController.swift */,
				84F0D55626A2BB1D00AE1B4C /* TaskCell.swift */,
				84F0D55826A2DF6600AE1B4C /* TaskViewController.swift */,
			);
			path = Views;
			sourceTree = "<group>";
		};
/* End PBXGroup section */

/* Begin PBXNativeTarget section */
		84A652A3269F327400432EFB /* MVP */ = {
			isa = PBXNativeTarget;
			buildConfigurationList = 84A652B8269F327700432EFB /* Build configuration list for PBXNativeTarget "MVP" */;
			buildPhases = (
				84A652A0269F327400432EFB /* Sources */,
				84A652A1269F327400432EFB /* Frameworks */,
				84A652A2269F327400432EFB /* Resources */,
			);
			buildRules = (
			);
			dependencies = (
			);
			name = MVP;
			productName = MVP;
			productReference = 84A652A4269F327400432EFB /* MVP.app */;
			productType = "com.apple.product-type.application";
		};
		84A652BE269F328A00432EFB /* MVPTests */ = {
			isa = PBXNativeTarget;
			buildConfigurationList = 84A652C6269F328A00432EFB /* Build configuration list for PBXNativeTarget "MVPTests" */;
			buildPhases = (
				84A652BB269F328A00432EFB /* Sources */,
				84A652BC269F328A00432EFB /* Frameworks */,
				84A652BD269F328A00432EFB /* Resources */,
			);
			buildRules = (
			);
			dependencies = (
				84A652C5269F328A00432EFB /* PBXTargetDependency */,
			);
			name = MVPTests;
			productName = MVPTests;
			productReference = 84A652BF269F328A00432EFB /* MVPTests.xctest */;
			productType = "com.apple.product-type.bundle.unit-test";
		};
/* End PBXNativeTarget section */

/* Begin PBXProject section */
		84A6529C269F327400432EFB /* Project object */ = {
			isa = PBXProject;
			attributes = {
				LastSwiftUpdateCheck = 1250;
				LastUpgradeCheck = 1250;
				TargetAttributes = {
					84A652A3269F327400432EFB = {
						CreatedOnToolsVersion = 12.5.1;
					};
					84A652BE269F328A00432EFB = {
						CreatedOnToolsVersion = 12.5.1;
						TestTargetID = 84A652A3269F327400432EFB;
					};
				};
			};
			buildConfigurationList = 84A6529F269F327400432EFB /* Build configuration list for PBXProject "MVP" */;
			compatibilityVersion = "Xcode 9.3";
			developmentRegion = en;
			hasScannedForEncodings = 0;
			knownRegions = (
				en,
				Base,
			);
			mainGroup = 84A6529B269F327400432EFB;
			productRefGroup = 84A652A5269F327400432EFB /* Products */;
			projectDirPath = "";
			projectRoot = "";
			targets = (
				84A652A3269F327400432EFB /* MVP */,
				84A652BE269F328A00432EFB /* MVPTests */,
			);
		};
/* End PBXProject section */

/* Begin PBXResourcesBuildPhase section */
		84A652A2269F327400432EFB /* Resources */ = {
			isa = PBXResourcesBuildPhase;
			buildActionMask = 2147483647;
			files = (
				84A652B4269F327700432EFB /* LaunchScreen.storyboard in Resources */,
				84A652B1269F327700432EFB /* Assets.xcassets in Resources */,
			);
			runOnlyForDeploymentPostprocessing = 0;
		};
		84A652BD269F328A00432EFB /* Resources */ = {
			isa = PBXResourcesBuildPhase;
			buildActionMask = 2147483647;
			files = (
			);
			runOnlyForDeploymentPostprocessing = 0;
		};
/* End PBXResourcesBuildPhase section */

/* Begin PBXSourcesBuildPhase section */
		84A652A0269F327400432EFB /* Sources */ = {
			isa = PBXSourcesBuildPhase;
			buildActionMask = 2147483647;
			files = (
				84F0D55726A2BB1D00AE1B4C /* TaskCell.swift in Sources */,
				84A652CC269F337500432EFB /* Task.swift in Sources */,
				84F0D55926A2DF6600AE1B4C /* TaskViewController.swift in Sources */,
				84A652A8269F327400432EFB /* AppDelegate.swift in Sources */,
				84A652D3269F3EB300432EFB /* ToDoListTableViewController.swift in Sources */,
			);
			runOnlyForDeploymentPostprocessing = 0;
		};
		84A652BB269F328A00432EFB /* Sources */ = {
			isa = PBXSourcesBuildPhase;
			buildActionMask = 2147483647;
			files = (
				84A652CA269F32B200432EFB /* TaskTests.swift in Sources */,
				84A652C2269F328A00432EFB /* MVPTests.swift in Sources */,
			);
			runOnlyForDeploymentPostprocessing = 0;
		};
/* End PBXSourcesBuildPhase section */

/* Begin PBXTargetDependency section */
		84A652C5269F328A00432EFB /* PBXTargetDependency */ = {
			isa = PBXTargetDependency;
			target = 84A652A3269F327400432EFB /* MVP */;
			targetProxy = 84A652C4269F328A00432EFB /* PBXContainerItemProxy */;
		};
/* End PBXTargetDependency section */

/* Begin PBXVariantGroup section */
		84A652B2269F327700432EFB /* LaunchScreen.storyboard */ = {
			isa = PBXVariantGroup;
			children = (
				84A652B3269F327700432EFB /* Base */,
			);
			name = LaunchScreen.storyboard;
			sourceTree = "<group>";
		};
/* End PBXVariantGroup section */

/* Begin XCBuildConfiguration section */
		84A652B6269F327700432EFB /* Debug */ = {
			isa = XCBuildConfiguration;
			buildSettings = {
				ALWAYS_SEARCH_USER_PATHS = NO;
				CLANG_ANALYZER_NONNULL = YES;
				CLANG_ANALYZER_NUMBER_OBJECT_CONVERSION = YES_AGGRESSIVE;
				CLANG_CXX_LANGUAGE_STANDARD = "gnu++14";
				CLANG_CXX_LIBRARY = "libc++";
				CLANG_ENABLE_MODULES = YES;
				CLANG_ENABLE_OBJC_ARC = YES;
				CLANG_ENABLE_OBJC_WEAK = YES;
				CLANG_WARN_BLOCK_CAPTURE_AUTORELEASING = YES;
				CLANG_WARN_BOOL_CONVERSION = YES;
				CLANG_WARN_COMMA = YES;
				CLANG_WARN_CONSTANT_CONVERSION = YES;
				CLANG_WARN_DEPRECATED_OBJC_IMPLEMENTATIONS = YES;
				CLANG_WARN_DIRECT_OBJC_ISA_USAGE = YES_ERROR;
				CLANG_WARN_DOCUMENTATION_COMMENTS = YES;
				CLANG_WARN_EMPTY_BODY = YES;
				CLANG_WARN_ENUM_CONVERSION = YES;
				CLANG_WARN_INFINITE_RECURSION = YES;
				CLANG_WARN_INT_CONVERSION = YES;
				CLANG_WARN_NON_LITERAL_NULL_CONVERSION = YES;
				CLANG_WARN_OBJC_IMPLICIT_RETAIN_SELF = YES;
				CLANG_WARN_OBJC_LITERAL_CONVERSION = YES;
				CLANG_WARN_OBJC_ROOT_CLASS = YES_ERROR;
				CLANG_WARN_QUOTED_INCLUDE_IN_FRAMEWORK_HEADER = YES;
				CLANG_WARN_RANGE_LOOP_ANALYSIS = YES;
				CLANG_WARN_STRICT_PROTOTYPES = YES;
				CLANG_WARN_SUSPICIOUS_MOVE = YES;
				CLANG_WARN_UNGUARDED_AVAILABILITY = YES_AGGRESSIVE;
				CLANG_WARN_UNREACHABLE_CODE = YES;
				CLANG_WARN__DUPLICATE_METHOD_MATCH = YES;
				COPY_PHASE_STRIP = NO;
				DEBUG_INFORMATION_FORMAT = dwarf;
				ENABLE_STRICT_OBJC_MSGSEND = YES;
				ENABLE_TESTABILITY = YES;
				GCC_C_LANGUAGE_STANDARD = gnu11;
				GCC_DYNAMIC_NO_PIC = NO;
				GCC_NO_COMMON_BLOCKS = YES;
				GCC_OPTIMIZATION_LEVEL = 0;
				GCC_PREPROCESSOR_DEFINITIONS = (
					"DEBUG=1",
					"$(inherited)",
				);
				GCC_WARN_64_TO_32_BIT_CONVERSION = YES;
				GCC_WARN_ABOUT_RETURN_TYPE = YES_ERROR;
				GCC_WARN_UNDECLARED_SELECTOR = YES;
				GCC_WARN_UNINITIALIZED_AUTOS = YES_AGGRESSIVE;
				GCC_WARN_UNUSED_FUNCTION = YES;
				GCC_WARN_UNUSED_VARIABLE = YES;
				IPHONEOS_DEPLOYMENT_TARGET = 14.5;
				MTL_ENABLE_DEBUG_INFO = INCLUDE_SOURCE;
				MTL_FAST_MATH = YES;
				ONLY_ACTIVE_ARCH = YES;
				SDKROOT = iphoneos;
				SWIFT_ACTIVE_COMPILATION_CONDITIONS = DEBUG;
				SWIFT_OPTIMIZATION_LEVEL = "-Onone";
			};
			name = Debug;
		};
		84A652B7269F327700432EFB /* Release */ = {
			isa = XCBuildConfiguration;
			buildSettings = {
				ALWAYS_SEARCH_USER_PATHS = NO;
				CLANG_ANALYZER_NONNULL = YES;
				CLANG_ANALYZER_NUMBER_OBJECT_CONVERSION = YES_AGGRESSIVE;
				CLANG_CXX_LANGUAGE_STANDARD = "gnu++14";
				CLANG_CXX_LIBRARY = "libc++";
				CLANG_ENABLE_MODULES = YES;
				CLANG_ENABLE_OBJC_ARC = YES;
				CLANG_ENABLE_OBJC_WEAK = YES;
				CLANG_WARN_BLOCK_CAPTURE_AUTORELEASING = YES;
				CLANG_WARN_BOOL_CONVERSION = YES;
				CLANG_WARN_COMMA = YES;
				CLANG_WARN_CONSTANT_CONVERSION = YES;
				CLANG_WARN_DEPRECATED_OBJC_IMPLEMENTATIONS = YES;
				CLANG_WARN_DIRECT_OBJC_ISA_USAGE = YES_ERROR;
				CLANG_WARN_DOCUMENTATION_COMMENTS = YES;
				CLANG_WARN_EMPTY_BODY = YES;
				CLANG_WARN_ENUM_CONVERSION = YES;
				CLANG_WARN_INFINITE_RECURSION = YES;
				CLANG_WARN_INT_CONVERSION = YES;
				CLANG_WARN_NON_LITERAL_NULL_CONVERSION = YES;
				CLANG_WARN_OBJC_IMPLICIT_RETAIN_SELF = YES;
				CLANG_WARN_OBJC_LITERAL_CONVERSION = YES;
				CLANG_WARN_OBJC_ROOT_CLASS = YES_ERROR;
				CLANG_WARN_QUOTED_INCLUDE_IN_FRAMEWORK_HEADER = YES;
				CLANG_WARN_RANGE_LOOP_ANALYSIS = YES;
				CLANG_WARN_STRICT_PROTOTYPES = YES;
				CLANG_WARN_SUSPICIOUS_MOVE = YES;
				CLANG_WARN_UNGUARDED_AVAILABILITY = YES_AGGRESSIVE;
				CLANG_WARN_UNREACHABLE_CODE = YES;
				CLANG_WARN__DUPLICATE_METHOD_MATCH = YES;
				COPY_PHASE_STRIP = NO;
				DEBUG_INFORMATION_FORMAT = "dwarf-with-dsym";
				ENABLE_NS_ASSERTIONS = NO;
				ENABLE_STRICT_OBJC_MSGSEND = YES;
				GCC_C_LANGUAGE_STANDARD = gnu11;
				GCC_NO_COMMON_BLOCKS = YES;
				GCC_WARN_64_TO_32_BIT_CONVERSION = YES;
				GCC_WARN_ABOUT_RETURN_TYPE = YES_ERROR;
				GCC_WARN_UNDECLARED_SELECTOR = YES;
				GCC_WARN_UNINITIALIZED_AUTOS = YES_AGGRESSIVE;
				GCC_WARN_UNUSED_FUNCTION = YES;
				GCC_WARN_UNUSED_VARIABLE = YES;
				IPHONEOS_DEPLOYMENT_TARGET = 14.5;
				MTL_ENABLE_DEBUG_INFO = NO;
				MTL_FAST_MATH = YES;
				SDKROOT = iphoneos;
				SWIFT_COMPILATION_MODE = wholemodule;
				SWIFT_OPTIMIZATION_LEVEL = "-O";
				VALIDATE_PRODUCT = YES;
			};
			name = Release;
		};
		84A652B9269F327700432EFB /* Debug */ = {
			isa = XCBuildConfiguration;
			buildSettings = {
				ASSETCATALOG_COMPILER_APPICON_NAME = AppIcon;
				ASSETCATALOG_COMPILER_GLOBAL_ACCENT_COLOR_NAME = AccentColor;
				CODE_SIGN_STYLE = Automatic;
				DEVELOPMENT_TEAM = 6LLNL69R8U;
				INFOPLIST_FILE = MVP/Info.plist;
				LD_RUNPATH_SEARCH_PATHS = (
					"$(inherited)",
					"@executable_path/Frameworks",
				);
				PRODUCT_BUNDLE_IDENTIFIER = RomanovichBogdan.MVP;
				PRODUCT_NAME = "$(TARGET_NAME)";
				SWIFT_VERSION = 5.0;
				TARGETED_DEVICE_FAMILY = "1,2";
			};
			name = Debug;
		};
		84A652BA269F327700432EFB /* Release */ = {
			isa = XCBuildConfiguration;
			buildSettings = {
				ASSETCATALOG_COMPILER_APPICON_NAME = AppIcon;
				ASSETCATALOG_COMPILER_GLOBAL_ACCENT_COLOR_NAME = AccentColor;
				CODE_SIGN_STYLE = Automatic;
				DEVELOPMENT_TEAM = 6LLNL69R8U;
				INFOPLIST_FILE = MVP/Info.plist;
				LD_RUNPATH_SEARCH_PATHS = (
					"$(inherited)",
					"@executable_path/Frameworks",
				);
				PRODUCT_BUNDLE_IDENTIFIER = RomanovichBogdan.MVP;
				PRODUCT_NAME = "$(TARGET_NAME)";
				SWIFT_VERSION = 5.0;
				TARGETED_DEVICE_FAMILY = "1,2";
			};
			name = Release;
		};
		84A652C7269F328A00432EFB /* Debug */ = {
			isa = XCBuildConfiguration;
			buildSettings = {
				BUNDLE_LOADER = "$(TEST_HOST)";
				CODE_SIGN_STYLE = Automatic;
				DEVELOPMENT_TEAM = 6LLNL69R8U;
				INFOPLIST_FILE = MVPTests/Info.plist;
				LD_RUNPATH_SEARCH_PATHS = (
					"$(inherited)",
					"@executable_path/Frameworks",
					"@loader_path/Frameworks",
				);
				PRODUCT_BUNDLE_IDENTIFIER = RomanovichBogdan.MVPTests;
				PRODUCT_NAME = "$(TARGET_NAME)";
				SWIFT_VERSION = 5.0;
				TARGETED_DEVICE_FAMILY = "1,2";
				TEST_HOST = "$(BUILT_PRODUCTS_DIR)/MVP.app/MVP";
			};
			name = Debug;
		};
		84A652C8269F328A00432EFB /* Release */ = {
			isa = XCBuildConfiguration;
			buildSettings = {
				BUNDLE_LOADER = "$(TEST_HOST)";
				CODE_SIGN_STYLE = Automatic;
				DEVELOPMENT_TEAM = 6LLNL69R8U;
				INFOPLIST_FILE = MVPTests/Info.plist;
				LD_RUNPATH_SEARCH_PATHS = (
					"$(inherited)",
					"@executable_path/Frameworks",
					"@loader_path/Frameworks",
				);
				PRODUCT_BUNDLE_IDENTIFIER = RomanovichBogdan.MVPTests;
				PRODUCT_NAME = "$(TARGET_NAME)";
				SWIFT_VERSION = 5.0;
				TARGETED_DEVICE_FAMILY = "1,2";
				TEST_HOST = "$(BUILT_PRODUCTS_DIR)/MVP.app/MVP";
			};
			name = Release;
		};
/* End XCBuildConfiguration section */

/* Begin XCConfigurationList section */
		84A6529F269F327400432EFB /* Build configuration list for PBXProject "MVP" */ = {
			isa = XCConfigurationList;
			buildConfigurations = (
				84A652B6269F327700432EFB /* Debug */,
				84A652B7269F327700432EFB /* Release */,
			);
			defaultConfigurationIsVisible = 0;
			defaultConfigurationName = Release;
		};
		84A652B8269F327700432EFB /* Build configuration list for PBXNativeTarget "MVP" */ = {
			isa = XCConfigurationList;
			buildConfigurations = (
				84A652B9269F327700432EFB /* Debug */,
				84A652BA269F327700432EFB /* Release */,
			);
			defaultConfigurationIsVisible = 0;
			defaultConfigurationName = Release;
		};
		84A652C6269F328A00432EFB /* Build configuration list for PBXNativeTarget "MVPTests" */ = {
			isa = XCConfigurationList;
			buildConfigurations = (
				84A652C7269F328A00432EFB /* Debug */,
				84A652C8269F328A00432EFB /* Release */,
			);
			defaultConfigurationIsVisible = 0;
			defaultConfigurationName = Release;
		};
/* End XCConfigurationList section */
	};
	rootObject = 84A6529C269F327400432EFB /* Project object */;
}
